
Microsoft Visual Studio Solution File, Format Version 12.00
# Visual Studio 15
VisualStudioVersion = 15.0.27004.2006
MinimumVisualStudioVersion = 10.0.40219.1
Project("{9A19103F-16F7-4668-BE54-9A1E7A4F7556}") = "InventoryManagerApp.Data", "InventoryManagerApp.Data\InventoryManagerApp.Data.csproj", "{FE4526AC-8A70-4B89-B750-6ACE44B48897}"
EndProject
Project("{9A19103F-16F7-4668-BE54-9A1E7A4F7556}") = "InventoryManagerApp.Web", "InventoryManagerApp.Web\InventoryManagerApp.Web.csproj", "{86590ABA-EEEE-4662-925A-FD39A39CEBC1}"
EndProject
Project("{9A19103F-16F7-4668-BE54-9A1E7A4F7556}") = "InventoryManagerApp.Services", "InventoryManagerApp.Services\InventoryManagerApp.Services.csproj", "{FCA43BDC-5DD0-4204-8843-DE2FBB064628}"
EndProject
Project("{9A19103F-16F7-4668-BE54-9A1E7A4F7556}") = "InventoryManagerApp.Common", "InventoryManagerApp.Common\InventoryManagerApp.Common.csproj", "{E9D30075-7BB4-4E92-99ED-3B8EBFD0BF2F}"
EndProject
Project("{FAE04EC0-301F-11D3-BF4B-00C04F79EFBC}") = "InventoryManagerApp.Test", "InventoryManagerApp.Test\InventoryManagerApp.Test.csproj", "{C1F6A3D2-A19A-4B67-9185-F37EA1624428}"
EndProject
Global
	GlobalSection(SolutionConfigurationPlatforms) = preSolution
		Debug|Any CPU = Debug|Any CPU
		Release|Any CPU = Release|Any CPU
	EndGlobalSection
	GlobalSection(ProjectConfigurationPlatforms) = postSolution
		{FE4526AC-8A70-4B89-B750-6ACE44B48897}.Debug|Any CPU.ActiveCfg = Debug|Any CPU
		{FE4526AC-8A70-4B89-B750-6ACE44B48897}.Debug|Any CPU.Build.0 = Debug|Any CPU
		{FE4526AC-8A70-4B89-B750-6ACE44B48897}.Release|Any CPU.ActiveCfg = Release|Any CPU
		{FE4526AC-8A70-4B89-B750-6ACE44B48897}.Release|Any CPU.Build.0 = Release|Any CPU
		{86590ABA-EEEE-4662-925A-FD39A39CEBC1}.Debug|Any CPU.ActiveCfg = Debug|Any CPU
		{86590ABA-EEEE-4662-925A-FD39A39CEBC1}.Debug|Any CPU.Build.0 = Debug|Any CPU
		{86590ABA-EEEE-4662-925A-FD39A39CEBC1}.Release|Any CPU.ActiveCfg = Release|Any CPU
		{86590ABA-EEEE-4662-925A-FD39A39CEBC1}.Release|Any CPU.Build.0 = Release|Any CPU
		{FCA43BDC-5DD0-4204-8843-DE2FBB064628}.Debug|Any CPU.ActiveCfg = Debug|Any CPU
		{FCA43BDC-5DD0-4204-8843-DE2FBB064628}.Debug|Any CPU.Build.0 = Debug|Any CPU
		{FCA43BDC-5DD0-4204-8843-DE2FBB064628}.Release|Any CPU.ActiveCfg = Release|Any CPU
		{FCA43BDC-5DD0-4204-8843-DE2FBB064628}.Release|Any CPU.Build.0 = Release|Any CPU
		{E9D30075-7BB4-4E92-99ED-3B8EBFD0BF2F}.Debug|Any CPU.ActiveCfg = Debug|Any CPU
		{E9D30075-7BB4-4E92-99ED-3B8EBFD0BF2F}.Debug|Any CPU.Build.0 = Debug|Any CPU
		{E9D30075-7BB4-4E92-99ED-3B8EBFD0BF2F}.Release|Any CPU.ActiveCfg = Release|Any CPU
		{E9D30075-7BB4-4E92-99ED-3B8EBFD0BF2F}.Release|Any CPU.Build.0 = Release|Any CPU
		{C1F6A3D2-A19A-4B67-9185-F37EA1624428}.Debug|Any CPU.ActiveCfg = Debug|Any CPU
		{C1F6A3D2-A19A-4B67-9185-F37EA1624428}.Debug|Any CPU.Build.0 = Debug|Any CPU
		{C1F6A3D2-A19A-4B67-9185-F37EA1624428}.Release|Any CPU.ActiveCfg = Release|Any CPU
		{C1F6A3D2-A19A-4B67-9185-F37EA1624428}.Release|Any CPU.Build.0 = Release|Any CPU
	EndGlobalSection
	GlobalSection(SolutionProperties) = preSolution
		HideSolutionNode = FALSE
	EndGlobalSection
	GlobalSection(ExtensibilityGlobals) = postSolution
		SolutionGuid = {CC5A8D5D-9D49-42F4-8CA7-F109A0CA220E}
	EndGlobalSection
EndGlobal
